
Microsoft Visual Studio Solution File, Format Version 12.00
# Visual Studio Version 16
VisualStudioVersion = 16.0.31321.278
MinimumVisualStudioVersion = 10.0.40219.1
Project("{8BC9CEB8-8B4A-11D0-8D11-00A0C91BC942}") = "LaboratorioGuiado3", "LaboratorioGuiado3\LaboratorioGuiado3.vcxproj", "{36DB7C0C-ACC9-4F5D-8949-9049F61BE996}"
EndProject
Project("{8BC9CEB8-8B4A-11D0-8D11-00A0C91BC942}") = "GrafoPruebas", "GrafoPruebas\GrafoPruebas.vcxproj", "{9F509044-CDF2-40D4-9671-53F9DEB3D684}"
EndProject
Global
	GlobalSection(SolutionConfigurationPlatforms) = preSolution
		Debug|x64 = Debug|x64
		Debug|x86 = Debug|x86
		Release|x64 = Release|x64
		Release|x86 = Release|x86
	EndGlobalSection
	GlobalSection(ProjectConfigurationPlatforms) = postSolution
		{36DB7C0C-ACC9-4F5D-8949-9049F61BE996}.Debug|x64.ActiveCfg = Debug|x64
		{36DB7C0C-ACC9-4F5D-8949-9049F61BE996}.Debug|x64.Build.0 = Debug|x64
		{36DB7C0C-ACC9-4F5D-8949-9049F61BE996}.Debug|x86.ActiveCfg = Debug|Win32
		{36DB7C0C-ACC9-4F5D-8949-9049F61BE996}.Debug|x86.Build.0 = Debug|Win32
		{36DB7C0C-ACC9-4F5D-8949-9049F61BE996}.Release|x64.ActiveCfg = Release|x64
		{36DB7C0C-ACC9-4F5D-8949-9049F61BE996}.Release|x64.Build.0 = Release|x64
		{36DB7C0C-ACC9-4F5D-8949-9049F61BE996}.Release|x86.ActiveCfg = Release|Win32
		{36DB7C0C-ACC9-4F5D-8949-9049F61BE996}.Release|x86.Build.0 = Release|Win32
		{9F509044-CDF2-40D4-9671-53F9DEB3D684}.Debug|x64.ActiveCfg = Debug|x64
		{9F509044-CDF2-40D4-9671-53F9DEB3D684}.Debug|x64.Build.0 = Debug|x64
		{9F509044-CDF2-40D4-9671-53F9DEB3D684}.Debug|x86.ActiveCfg = Debug|Win32
		{9F509044-CDF2-40D4-9671-53F9DEB3D684}.Debug|x86.Build.0 = Debug|Win32
		{9F509044-CDF2-40D4-9671-53F9DEB3D684}.Release|x64.ActiveCfg = Release|x64
		{9F509044-CDF2-40D4-9671-53F9DEB3D684}.Release|x64.Build.0 = Release|x64
		{9F509044-CDF2-40D4-9671-53F9DEB3D684}.Release|x86.ActiveCfg = Release|Win32
		{9F509044-CDF2-40D4-9671-53F9DEB3D684}.Release|x86.Build.0 = Release|Win32
	EndGlobalSection
	GlobalSection(SolutionProperties) = preSolution
		HideSolutionNode = FALSE
	EndGlobalSection
	GlobalSection(ExtensibilityGlobals) = postSolution
		SolutionGuid = {14D063A6-9F43-4DC7-B509-EF97255B60C0}
	EndGlobalSection
EndGlobal
